
Microsoft Visual Studio Solution File, Format Version 12.00
# Visual Studio 2013
VisualStudioVersion = 12.0.31101.0
MinimumVisualStudioVersion = 10.0.40219.1
Project("{FAE04EC0-301F-11D3-BF4B-00C04F79EFBC}") = "Problem1. CalcDistance", "CalcDistance\Problem1. CalcDistance.csproj", "{5EE56D81-CC2C-465C-B9FA-69E7C6224504}"
EndProject
Project("{FAE04EC0-301F-11D3-BF4B-00C04F79EFBC}") = "Problem2. DistanceCalculatorClient", "Problem2. DistanceCalculatorClient\Problem2. DistanceCalculatorClient.csproj", "{4868897D-70FE-4534-95C2-F00D408C0AF7}"
	ProjectSection(ProjectDependencies) = postProject
		{5EE56D81-CC2C-465C-B9FA-69E7C6224504} = {5EE56D81-CC2C-465C-B9FA-69E7C6224504}
	EndProjectSection
EndProject
Project("{FAE04EC0-301F-11D3-BF4B-00C04F79EFBC}") = "Problem3. DistanceCalculatorRESTService", "Problem3. DistanceCalculatorRESTService\Problem3. DistanceCalculatorRESTService.csproj", "{06D17F80-DB4D-4B1B-B077-C5B95EEA01CF}"
EndProject
Global
	GlobalSection(SolutionConfigurationPlatforms) = preSolution
		Debug|Any CPU = Debug|Any CPU
		Release|Any CPU = Release|Any CPU
	EndGlobalSection
	GlobalSection(ProjectConfigurationPlatforms) = postSolution
		{5EE56D81-CC2C-465C-B9FA-69E7C6224504}.Debug|Any CPU.ActiveCfg = Debug|Any CPU
		{5EE56D81-CC2C-465C-B9FA-69E7C6224504}.Debug|Any CPU.Build.0 = Debug|Any CPU
		{5EE56D81-CC2C-465C-B9FA-69E7C6224504}.Release|Any CPU.ActiveCfg = Release|Any CPU
		{5EE56D81-CC2C-465C-B9FA-69E7C6224504}.Release|Any CPU.Build.0 = Release|Any CPU
		{4868897D-70FE-4534-95C2-F00D408C0AF7}.Debug|Any CPU.ActiveCfg = Debug|Any CPU
		{4868897D-70FE-4534-95C2-F00D408C0AF7}.Debug|Any CPU.Build.0 = Debug|Any CPU
		{4868897D-70FE-4534-95C2-F00D408C0AF7}.Release|Any CPU.ActiveCfg = Release|Any CPU
		{4868897D-70FE-4534-95C2-F00D408C0AF7}.Release|Any CPU.Build.0 = Release|Any CPU
		{06D17F80-DB4D-4B1B-B077-C5B95EEA01CF}.Debug|Any CPU.ActiveCfg = Debug|Any CPU
		{06D17F80-DB4D-4B1B-B077-C5B95EEA01CF}.Debug|Any CPU.Build.0 = Debug|Any CPU
		{06D17F80-DB4D-4B1B-B077-C5B95EEA01CF}.Release|Any CPU.ActiveCfg = Release|Any CPU
		{06D17F80-DB4D-4B1B-B077-C5B95EEA01CF}.Release|Any CPU.Build.0 = Release|Any CPU
	EndGlobalSection
	GlobalSection(SolutionProperties) = preSolution
		HideSolutionNode = FALSE
	EndGlobalSection
EndGlobal
